// !$*UTF8*$!
{
	archiveVersion = 1;
	classes = {
	};
	objectVersion = 50;
	objects = {

/* Begin PBXBuildFile section */
		E70211AE21C43CFD00E56C6E /* AppDelegate.swift in Sources */ = {isa = PBXBuildFile; fileRef = E70211AD21C43CFD00E56C6E /* AppDelegate.swift */; };
		E70211B021C43CFD00E56C6E /* MainViewController.swift in Sources */ = {isa = PBXBuildFile; fileRef = E70211AF21C43CFD00E56C6E /* MainViewController.swift */; };
		E70211B321C43CFD00E56C6E /* Main.storyboard in Resources */ = {isa = PBXBuildFile; fileRef = E70211B121C43CFD00E56C6E /* Main.storyboard */; };
		E70211B521C43D0000E56C6E /* Assets.xcassets in Resources */ = {isa = PBXBuildFile; fileRef = E70211B421C43D0000E56C6E /* Assets.xcassets */; };
		E70211B821C43D0000E56C6E /* LaunchScreen.storyboard in Resources */ = {isa = PBXBuildFile; fileRef = E70211B621C43D0000E56C6E /* LaunchScreen.storyboard */; };
		E70211C321C43D0000E56C6E /* CmonSiriTests.swift in Sources */ = {isa = PBXBuildFile; fileRef = E70211C221C43D0000E56C6E /* CmonSiriTests.swift */; };
		E70211CE21C43D0000E56C6E /* CmonSiriUITests.swift in Sources */ = {isa = PBXBuildFile; fileRef = E70211CD21C43D0000E56C6E /* CmonSiriUITests.swift */; };
		E702120A21C445C900E56C6E /* Intents.intentdefinition in Sources */ = {isa = PBXBuildFile; fileRef = E702120921C445C900E56C6E /* Intents.intentdefinition */; };
		E740947A21C44BFE006B1351 /* IntentsUI.framework in Frameworks */ = {isa = PBXBuildFile; fileRef = E70211ED21C43EFC00E56C6E /* IntentsUI.framework */; };
		E740947D21C44BFE006B1351 /* IntentViewController.swift in Sources */ = {isa = PBXBuildFile; fileRef = E740947C21C44BFE006B1351 /* IntentViewController.swift */; };
		E740948021C44BFE006B1351 /* MainInterface.storyboard in Resources */ = {isa = PBXBuildFile; fileRef = E740947E21C44BFE006B1351 /* MainInterface.storyboard */; };
		E740948421C44BFE006B1351 /* CmonSiriIntentUI.appex in Embed App Extensions */ = {isa = PBXBuildFile; fileRef = E740947921C44BFE006B1351 /* CmonSiriIntentUI.appex */; settings = {ATTRIBUTES = (RemoveHeadersOnCopy, ); }; };
		E740948721C44BFE006B1351 /* CmonSiriIntent.appex in Embed App Extensions */ = {isa = PBXBuildFile; fileRef = E740947021C44BFD006B1351 /* CmonSiriIntent.appex */; settings = {ATTRIBUTES = (RemoveHeadersOnCopy, ); }; };
		E740948F21C44C5C006B1351 /* IntentHandler.swift in Sources */ = {isa = PBXBuildFile; fileRef = E740948E21C44C5C006B1351 /* IntentHandler.swift */; };
		E740949121C45339006B1351 /* AmazonOrderIntentHandler.swift in Sources */ = {isa = PBXBuildFile; fileRef = E740949021C45339006B1351 /* AmazonOrderIntentHandler.swift */; };
		E740949221C45403006B1351 /* Intents.intentdefinition in Sources */ = {isa = PBXBuildFile; fileRef = E702120921C445C900E56C6E /* Intents.intentdefinition */; };
		E740949321C45403006B1351 /* Intents.intentdefinition in Sources */ = {isa = PBXBuildFile; fileRef = E702120921C445C900E56C6E /* Intents.intentdefinition */; };
/* End PBXBuildFile section */

/* Begin PBXContainerItemProxy section */
		E70211BF21C43D0000E56C6E /* PBXContainerItemProxy */ = {
			isa = PBXContainerItemProxy;
			containerPortal = E70211A221C43CFD00E56C6E /* Project object */;
			proxyType = 1;
			remoteGlobalIDString = E70211A921C43CFD00E56C6E;
			remoteInfo = CmonSiri;
		};
		E70211CA21C43D0000E56C6E /* PBXContainerItemProxy */ = {
			isa = PBXContainerItemProxy;
			containerPortal = E70211A221C43CFD00E56C6E /* Project object */;
			proxyType = 1;
			remoteGlobalIDString = E70211A921C43CFD00E56C6E;
			remoteInfo = CmonSiri;
		};
		E740948221C44BFE006B1351 /* PBXContainerItemProxy */ = {
			isa = PBXContainerItemProxy;
			containerPortal = E70211A221C43CFD00E56C6E /* Project object */;
			proxyType = 1;
			remoteGlobalIDString = E740947821C44BFE006B1351;
			remoteInfo = CmonSiriIntentUI;
		};
		E740948521C44BFE006B1351 /* PBXContainerItemProxy */ = {
			isa = PBXContainerItemProxy;
			containerPortal = E70211A221C43CFD00E56C6E /* Project object */;
			proxyType = 1;
			remoteGlobalIDString = E740946F21C44BFD006B1351;
			remoteInfo = CmonSiriIntent;
		};
/* End PBXContainerItemProxy section */

/* Begin PBXCopyFilesBuildPhase section */
		E702120221C43EFC00E56C6E /* Embed App Extensions */ = {
			isa = PBXCopyFilesBuildPhase;
			buildActionMask = 2147483647;
			dstPath = "";
			dstSubfolderSpec = 13;
			files = (
				E740948721C44BFE006B1351 /* CmonSiriIntent.appex in Embed App Extensions */,
				E740948421C44BFE006B1351 /* CmonSiriIntentUI.appex in Embed App Extensions */,
			);
			name = "Embed App Extensions";
			runOnlyForDeploymentPostprocessing = 0;
		};
/* End PBXCopyFilesBuildPhase section */

/* Begin PBXFileReference section */
		E70211AA21C43CFD00E56C6E /* CmonSiri.app */ = {isa = PBXFileReference; explicitFileType = wrapper.application; includeInIndex = 0; path = CmonSiri.app; sourceTree = BUILT_PRODUCTS_DIR; };
		E70211AD21C43CFD00E56C6E /* AppDelegate.swift */ = {isa = PBXFileReference; lastKnownFileType = sourcecode.swift; path = AppDelegate.swift; sourceTree = "<group>"; };
		E70211AF21C43CFD00E56C6E /* MainViewController.swift */ = {isa = PBXFileReference; lastKnownFileType = sourcecode.swift; path = MainViewController.swift; sourceTree = "<group>"; };
		E70211B221C43CFD00E56C6E /* Base */ = {isa = PBXFileReference; lastKnownFileType = file.storyboard; name = Base; path = Base.lproj/Main.storyboard; sourceTree = "<group>"; };
		E70211B421C43D0000E56C6E /* Assets.xcassets */ = {isa = PBXFileReference; lastKnownFileType = folder.assetcatalog; path = Assets.xcassets; sourceTree = "<group>"; };
		E70211B721C43D0000E56C6E /* Base */ = {isa = PBXFileReference; lastKnownFileType = file.storyboard; name = Base; path = Base.lproj/LaunchScreen.storyboard; sourceTree = "<group>"; };
		E70211B921C43D0000E56C6E /* Info.plist */ = {isa = PBXFileReference; lastKnownFileType = text.plist.xml; path = Info.plist; sourceTree = "<group>"; };
		E70211BE21C43D0000E56C6E /* CmonSiriTests.xctest */ = {isa = PBXFileReference; explicitFileType = wrapper.cfbundle; includeInIndex = 0; path = CmonSiriTests.xctest; sourceTree = BUILT_PRODUCTS_DIR; };
		E70211C221C43D0000E56C6E /* CmonSiriTests.swift */ = {isa = PBXFileReference; lastKnownFileType = sourcecode.swift; path = CmonSiriTests.swift; sourceTree = "<group>"; };
		E70211C421C43D0000E56C6E /* Info.plist */ = {isa = PBXFileReference; lastKnownFileType = text.plist.xml; path = Info.plist; sourceTree = "<group>"; };
		E70211C921C43D0000E56C6E /* CmonSiriUITests.xctest */ = {isa = PBXFileReference; explicitFileType = wrapper.cfbundle; includeInIndex = 0; path = CmonSiriUITests.xctest; sourceTree = BUILT_PRODUCTS_DIR; };
		E70211CD21C43D0000E56C6E /* CmonSiriUITests.swift */ = {isa = PBXFileReference; lastKnownFileType = sourcecode.swift; path = CmonSiriUITests.swift; sourceTree = "<group>"; };
		E70211CF21C43D0000E56C6E /* Info.plist */ = {isa = PBXFileReference; lastKnownFileType = text.plist.xml; path = Info.plist; sourceTree = "<group>"; };
		E70211DD21C43E9F00E56C6E /* CmonSiri.entitlements */ = {isa = PBXFileReference; lastKnownFileType = text.plist.entitlements; path = CmonSiri.entitlements; sourceTree = "<group>"; };
		E70211ED21C43EFC00E56C6E /* IntentsUI.framework */ = {isa = PBXFileReference; lastKnownFileType = wrapper.framework; name = IntentsUI.framework; path = System/Library/Frameworks/IntentsUI.framework; sourceTree = SDKROOT; };
		E702120921C445C900E56C6E /* Intents.intentdefinition */ = {isa = PBXFileReference; lastKnownFileType = file.intentdefinition; path = Intents.intentdefinition; sourceTree = "<group>"; };
		E740947021C44BFD006B1351 /* CmonSiriIntent.appex */ = {isa = PBXFileReference; explicitFileType = "wrapper.app-extension"; includeInIndex = 0; path = CmonSiriIntent.appex; sourceTree = BUILT_PRODUCTS_DIR; };
		E740947421C44BFE006B1351 /* Info.plist */ = {isa = PBXFileReference; lastKnownFileType = text.plist.xml; path = Info.plist; sourceTree = "<group>"; };
		E740947921C44BFE006B1351 /* CmonSiriIntentUI.appex */ = {isa = PBXFileReference; explicitFileType = "wrapper.app-extension"; includeInIndex = 0; path = CmonSiriIntentUI.appex; sourceTree = BUILT_PRODUCTS_DIR; };
		E740947C21C44BFE006B1351 /* IntentViewController.swift */ = {isa = PBXFileReference; lastKnownFileType = sourcecode.swift; path = IntentViewController.swift; sourceTree = "<group>"; };
		E740947F21C44BFE006B1351 /* Base */ = {isa = PBXFileReference; lastKnownFileType = file.storyboard; name = Base; path = Base.lproj/MainInterface.storyboard; sourceTree = "<group>"; };
		E740948121C44BFE006B1351 /* Info.plist */ = {isa = PBXFileReference; lastKnownFileType = text.plist.xml; path = Info.plist; sourceTree = "<group>"; };
		E740948E21C44C5C006B1351 /* IntentHandler.swift */ = {isa = PBXFileReference; fileEncoding = 4; lastKnownFileType = sourcecode.swift; path = IntentHandler.swift; sourceTree = "<group>"; };
		E740949021C45339006B1351 /* AmazonOrderIntentHandler.swift */ = {isa = PBXFileReference; lastKnownFileType = sourcecode.swift; path = AmazonOrderIntentHandler.swift; sourceTree = "<group>"; };
/* End PBXFileReference section */

/* Begin PBXFrameworksBuildPhase section */
		E70211A721C43CFD00E56C6E /* Frameworks */ = {
			isa = PBXFrameworksBuildPhase;
			buildActionMask = 2147483647;
			files = (
			);
			runOnlyForDeploymentPostprocessing = 0;
		};
		E70211BB21C43D0000E56C6E /* Frameworks */ = {
			isa = PBXFrameworksBuildPhase;
			buildActionMask = 2147483647;
			files = (
			);
			runOnlyForDeploymentPostprocessing = 0;
		};
		E70211C621C43D0000E56C6E /* Frameworks */ = {
			isa = PBXFrameworksBuildPhase;
			buildActionMask = 2147483647;
			files = (
			);
			runOnlyForDeploymentPostprocessing = 0;
		};
		E740946D21C44BFD006B1351 /* Frameworks */ = {
			isa = PBXFrameworksBuildPhase;
			buildActionMask = 2147483647;
			files = (
			);
			runOnlyForDeploymentPostprocessing = 0;
		};
		E740947621C44BFE006B1351 /* Frameworks */ = {
			isa = PBXFrameworksBuildPhase;
			buildActionMask = 2147483647;
			files = (
				E740947A21C44BFE006B1351 /* IntentsUI.framework in Frameworks */,
			);
			runOnlyForDeploymentPostprocessing = 0;
		};
/* End PBXFrameworksBuildPhase section */

/* Begin PBXGroup section */
		E70211A121C43CFD00E56C6E = {
			isa = PBXGroup;
			children = (
				E70211AC21C43CFD00E56C6E /* CmonSiri */,
				E70211C121C43D0000E56C6E /* CmonSiriTests */,
				E70211CC21C43D0000E56C6E /* CmonSiriUITests */,
				E740947121C44BFD006B1351 /* CmonSiriIntent */,
				E740947B21C44BFE006B1351 /* CmonSiriIntentUI */,
				E70211EC21C43EFC00E56C6E /* Frameworks */,
				E70211AB21C43CFD00E56C6E /* Products */,
			);
			sourceTree = "<group>";
		};
		E70211AB21C43CFD00E56C6E /* Products */ = {
			isa = PBXGroup;
			children = (
				E70211AA21C43CFD00E56C6E /* CmonSiri.app */,
				E70211BE21C43D0000E56C6E /* CmonSiriTests.xctest */,
				E70211C921C43D0000E56C6E /* CmonSiriUITests.xctest */,
				E740947021C44BFD006B1351 /* CmonSiriIntent.appex */,
				E740947921C44BFE006B1351 /* CmonSiriIntentUI.appex */,
			);
			name = Products;
			sourceTree = "<group>";
		};
		E70211AC21C43CFD00E56C6E /* CmonSiri */ = {
			isa = PBXGroup;
			children = (
				E70211AD21C43CFD00E56C6E /* AppDelegate.swift */,
				E70211B121C43CFD00E56C6E /* Main.storyboard */,
				E70211DB21C43D9800E56C6E /* Screens */,
				E70211DC21C43DC900E56C6E /* Resources */,
			);
			path = CmonSiri;
			sourceTree = "<group>";
		};
		E70211C121C43D0000E56C6E /* CmonSiriTests */ = {
			isa = PBXGroup;
			children = (
				E70211C221C43D0000E56C6E /* CmonSiriTests.swift */,
				E70211C421C43D0000E56C6E /* Info.plist */,
			);
			path = CmonSiriTests;
			sourceTree = "<group>";
		};
		E70211CC21C43D0000E56C6E /* CmonSiriUITests */ = {
			isa = PBXGroup;
			children = (
				E70211CD21C43D0000E56C6E /* CmonSiriUITests.swift */,
				E70211CF21C43D0000E56C6E /* Info.plist */,
			);
			path = CmonSiriUITests;
			sourceTree = "<group>";
		};
		E70211DB21C43D9800E56C6E /* Screens */ = {
			isa = PBXGroup;
			children = (
				E70211AF21C43CFD00E56C6E /* MainViewController.swift */,
			);
			path = Screens;
			sourceTree = "<group>";
		};
		E70211DC21C43DC900E56C6E /* Resources */ = {
			isa = PBXGroup;
			children = (
				E70211B921C43D0000E56C6E /* Info.plist */,
				E70211DD21C43E9F00E56C6E /* CmonSiri.entitlements */,
				E702120921C445C900E56C6E /* Intents.intentdefinition */,
				E70211B621C43D0000E56C6E /* LaunchScreen.storyboard */,
				E70211B421C43D0000E56C6E /* Assets.xcassets */,
			);
			path = Resources;
			sourceTree = "<group>";
		};
		E70211EC21C43EFC00E56C6E /* Frameworks */ = {
			isa = PBXGroup;
			children = (
				E70211ED21C43EFC00E56C6E /* IntentsUI.framework */,
			);
			name = Frameworks;
			sourceTree = "<group>";
		};
		E740947121C44BFD006B1351 /* CmonSiriIntent */ = {
			isa = PBXGroup;
			children = (
				E740949021C45339006B1351 /* AmazonOrderIntentHandler.swift */,
				E740948E21C44C5C006B1351 /* IntentHandler.swift */,
				E740947421C44BFE006B1351 /* Info.plist */,
			);
			path = CmonSiriIntent;
			sourceTree = "<group>";
		};
		E740947B21C44BFE006B1351 /* CmonSiriIntentUI */ = {
			isa = PBXGroup;
			children = (
				E740947C21C44BFE006B1351 /* IntentViewController.swift */,
				E740947E21C44BFE006B1351 /* MainInterface.storyboard */,
				E740948121C44BFE006B1351 /* Info.plist */,
			);
			path = CmonSiriIntentUI;
			sourceTree = "<group>";
		};
/* End PBXGroup section */

/* Begin PBXNativeTarget section */
		E70211A921C43CFD00E56C6E /* CmonSiri */ = {
			isa = PBXNativeTarget;
			buildConfigurationList = E70211D221C43D0000E56C6E /* Build configuration list for PBXNativeTarget "CmonSiri" */;
			buildPhases = (
				E70211A621C43CFD00E56C6E /* Sources */,
				E70211A721C43CFD00E56C6E /* Frameworks */,
				E70211A821C43CFD00E56C6E /* Resources */,
				E702120221C43EFC00E56C6E /* Embed App Extensions */,
			);
			buildRules = (
			);
			dependencies = (
				E740948321C44BFE006B1351 /* PBXTargetDependency */,
				E740948621C44BFE006B1351 /* PBXTargetDependency */,
			);
			name = CmonSiri;
			productName = CmonSiri;
			productReference = E70211AA21C43CFD00E56C6E /* CmonSiri.app */;
			productType = "com.apple.product-type.application";
		};
		E70211BD21C43D0000E56C6E /* CmonSiriTests */ = {
			isa = PBXNativeTarget;
			buildConfigurationList = E70211D521C43D0000E56C6E /* Build configuration list for PBXNativeTarget "CmonSiriTests" */;
			buildPhases = (
				E70211BA21C43D0000E56C6E /* Sources */,
				E70211BB21C43D0000E56C6E /* Frameworks */,
				E70211BC21C43D0000E56C6E /* Resources */,
			);
			buildRules = (
			);
			dependencies = (
				E70211C021C43D0000E56C6E /* PBXTargetDependency */,
			);
			name = CmonSiriTests;
			productName = CmonSiriTests;
			productReference = E70211BE21C43D0000E56C6E /* CmonSiriTests.xctest */;
			productType = "com.apple.product-type.bundle.unit-test";
		};
		E70211C821C43D0000E56C6E /* CmonSiriUITests */ = {
			isa = PBXNativeTarget;
			buildConfigurationList = E70211D821C43D0000E56C6E /* Build configuration list for PBXNativeTarget "CmonSiriUITests" */;
			buildPhases = (
				E70211C521C43D0000E56C6E /* Sources */,
				E70211C621C43D0000E56C6E /* Frameworks */,
				E70211C721C43D0000E56C6E /* Resources */,
			);
			buildRules = (
			);
			dependencies = (
				E70211CB21C43D0000E56C6E /* PBXTargetDependency */,
			);
			name = CmonSiriUITests;
			productName = CmonSiriUITests;
			productReference = E70211C921C43D0000E56C6E /* CmonSiriUITests.xctest */;
			productType = "com.apple.product-type.bundle.ui-testing";
		};
		E740946F21C44BFD006B1351 /* CmonSiriIntent */ = {
			isa = PBXNativeTarget;
			buildConfigurationList = E740948B21C44BFE006B1351 /* Build configuration list for PBXNativeTarget "CmonSiriIntent" */;
			buildPhases = (
				E740946C21C44BFD006B1351 /* Sources */,
				E740946D21C44BFD006B1351 /* Frameworks */,
				E740946E21C44BFD006B1351 /* Resources */,
			);
			buildRules = (
			);
			dependencies = (
			);
			name = CmonSiriIntent;
			productName = CmonSiriIntent;
			productReference = E740947021C44BFD006B1351 /* CmonSiriIntent.appex */;
			productType = "com.apple.product-type.app-extension";
		};
		E740947821C44BFE006B1351 /* CmonSiriIntentUI */ = {
			isa = PBXNativeTarget;
			buildConfigurationList = E740948821C44BFE006B1351 /* Build configuration list for PBXNativeTarget "CmonSiriIntentUI" */;
			buildPhases = (
				E740947521C44BFE006B1351 /* Sources */,
				E740947621C44BFE006B1351 /* Frameworks */,
				E740947721C44BFE006B1351 /* Resources */,
			);
			buildRules = (
			);
			dependencies = (
			);
			name = CmonSiriIntentUI;
			productName = CmonSiriIntentUI;
			productReference = E740947921C44BFE006B1351 /* CmonSiriIntentUI.appex */;
			productType = "com.apple.product-type.app-extension";
		};
/* End PBXNativeTarget section */

/* Begin PBXProject section */
		E70211A221C43CFD00E56C6E /* Project object */ = {
			isa = PBXProject;
			attributes = {
				LastSwiftUpdateCheck = 1010;
				LastUpgradeCheck = 1010;
				ORGANIZATIONNAME = "Derrick Showers";
				TargetAttributes = {
					E70211A921C43CFD00E56C6E = {
						CreatedOnToolsVersion = 10.1;
						SystemCapabilities = {
							com.apple.Siri = {
								enabled = 1;
							};
						};
					};
					E70211BD21C43D0000E56C6E = {
						CreatedOnToolsVersion = 10.1;
						TestTargetID = E70211A921C43CFD00E56C6E;
					};
					E70211C821C43D0000E56C6E = {
						CreatedOnToolsVersion = 10.1;
						TestTargetID = E70211A921C43CFD00E56C6E;
					};
					E740946F21C44BFD006B1351 = {
						CreatedOnToolsVersion = 10.1;
						LastSwiftMigration = 1010;
					};
					E740947821C44BFE006B1351 = {
						CreatedOnToolsVersion = 10.1;
					};
				};
			};
			buildConfigurationList = E70211A521C43CFD00E56C6E /* Build configuration list for PBXProject "CmonSiri" */;
			compatibilityVersion = "Xcode 9.3";
			developmentRegion = en;
			hasScannedForEncodings = 0;
			knownRegions = (
				en,
				Base,
			);
			mainGroup = E70211A121C43CFD00E56C6E;
			productRefGroup = E70211AB21C43CFD00E56C6E /* Products */;
			projectDirPath = "";
			projectRoot = "";
			targets = (
				E70211A921C43CFD00E56C6E /* CmonSiri */,
				E70211BD21C43D0000E56C6E /* CmonSiriTests */,
				E70211C821C43D0000E56C6E /* CmonSiriUITests */,
				E740946F21C44BFD006B1351 /* CmonSiriIntent */,
				E740947821C44BFE006B1351 /* CmonSiriIntentUI */,
			);
		};
/* End PBXProject section */

/* Begin PBXResourcesBuildPhase section */
		E70211A821C43CFD00E56C6E /* Resources */ = {
			isa = PBXResourcesBuildPhase;
			buildActionMask = 2147483647;
			files = (
				E70211B821C43D0000E56C6E /* LaunchScreen.storyboard in Resources */,
				E70211B521C43D0000E56C6E /* Assets.xcassets in Resources */,
				E70211B321C43CFD00E56C6E /* Main.storyboard in Resources */,
			);
			runOnlyForDeploymentPostprocessing = 0;
		};
		E70211BC21C43D0000E56C6E /* Resources */ = {
			isa = PBXResourcesBuildPhase;
			buildActionMask = 2147483647;
			files = (
			);
			runOnlyForDeploymentPostprocessing = 0;
		};
		E70211C721C43D0000E56C6E /* Resources */ = {
			isa = PBXResourcesBuildPhase;
			buildActionMask = 2147483647;
			files = (
			);
			runOnlyForDeploymentPostprocessing = 0;
		};
		E740946E21C44BFD006B1351 /* Resources */ = {
			isa = PBXResourcesBuildPhase;
			buildActionMask = 2147483647;
			files = (
			);
			runOnlyForDeploymentPostprocessing = 0;
		};
		E740947721C44BFE006B1351 /* Resources */ = {
			isa = PBXResourcesBuildPhase;
			buildActionMask = 2147483647;
			files = (
				E740948021C44BFE006B1351 /* MainInterface.storyboard in Resources */,
			);
			runOnlyForDeploymentPostprocessing = 0;
		};
/* End PBXResourcesBuildPhase section */

/* Begin PBXSourcesBuildPhase section */
		E70211A621C43CFD00E56C6E /* Sources */ = {
			isa = PBXSourcesBuildPhase;
			buildActionMask = 2147483647;
			files = (
				E702120A21C445C900E56C6E /* Intents.intentdefinition in Sources */,
				E70211B021C43CFD00E56C6E /* MainViewController.swift in Sources */,
				E70211AE21C43CFD00E56C6E /* AppDelegate.swift in Sources */,
			);
			runOnlyForDeploymentPostprocessing = 0;
		};
		E70211BA21C43D0000E56C6E /* Sources */ = {
			isa = PBXSourcesBuildPhase;
			buildActionMask = 2147483647;
			files = (
				E70211C321C43D0000E56C6E /* CmonSiriTests.swift in Sources */,
			);
			runOnlyForDeploymentPostprocessing = 0;
		};
		E70211C521C43D0000E56C6E /* Sources */ = {
			isa = PBXSourcesBuildPhase;
			buildActionMask = 2147483647;
			files = (
				E70211CE21C43D0000E56C6E /* CmonSiriUITests.swift in Sources */,
			);
			runOnlyForDeploymentPostprocessing = 0;
		};
		E740946C21C44BFD006B1351 /* Sources */ = {
			isa = PBXSourcesBuildPhase;
			buildActionMask = 2147483647;
			files = (
				E740949221C45403006B1351 /* Intents.intentdefinition in Sources */,
				E740948F21C44C5C006B1351 /* IntentHandler.swift in Sources */,
				E740949121C45339006B1351 /* AmazonOrderIntentHandler.swift in Sources */,
			);
			runOnlyForDeploymentPostprocessing = 0;
		};
		E740947521C44BFE006B1351 /* Sources */ = {
			isa = PBXSourcesBuildPhase;
			buildActionMask = 2147483647;
			files = (
				E740949321C45403006B1351 /* Intents.intentdefinition in Sources */,
				E740947D21C44BFE006B1351 /* IntentViewController.swift in Sources */,
			);
			runOnlyForDeploymentPostprocessing = 0;
		};
/* End PBXSourcesBuildPhase section */

/* Begin PBXTargetDependency section */
		E70211C021C43D0000E56C6E /* PBXTargetDependency */ = {
			isa = PBXTargetDependency;
			target = E70211A921C43CFD00E56C6E /* CmonSiri */;
			targetProxy = E70211BF21C43D0000E56C6E /* PBXContainerItemProxy */;
		};
		E70211CB21C43D0000E56C6E /* PBXTargetDependency */ = {
			isa = PBXTargetDependency;
			target = E70211A921C43CFD00E56C6E /* CmonSiri */;
			targetProxy = E70211CA21C43D0000E56C6E /* PBXContainerItemProxy */;
		};
		E740948321C44BFE006B1351 /* PBXTargetDependency */ = {
			isa = PBXTargetDependency;
			target = E740947821C44BFE006B1351 /* CmonSiriIntentUI */;
			targetProxy = E740948221C44BFE006B1351 /* PBXContainerItemProxy */;
		};
		E740948621C44BFE006B1351 /* PBXTargetDependency */ = {
			isa = PBXTargetDependency;
			target = E740946F21C44BFD006B1351 /* CmonSiriIntent */;
			targetProxy = E740948521C44BFE006B1351 /* PBXContainerItemProxy */;
		};
/* End PBXTargetDependency section */

/* Begin PBXVariantGroup section */
		E70211B121C43CFD00E56C6E /* Main.storyboard */ = {
			isa = PBXVariantGroup;
			children = (
				E70211B221C43CFD00E56C6E /* Base */,
			);
			name = Main.storyboard;
			sourceTree = "<group>";
		};
		E70211B621C43D0000E56C6E /* LaunchScreen.storyboard */ = {
			isa = PBXVariantGroup;
			children = (
				E70211B721C43D0000E56C6E /* Base */,
			);
			name = LaunchScreen.storyboard;
			sourceTree = "<group>";
		};
		E740947E21C44BFE006B1351 /* MainInterface.storyboard */ = {
			isa = PBXVariantGroup;
			children = (
				E740947F21C44BFE006B1351 /* Base */,
			);
			name = MainInterface.storyboard;
			sourceTree = "<group>";
		};
/* End PBXVariantGroup section */

/* Begin XCBuildConfiguration section */
		E70211D021C43D0000E56C6E /* Debug */ = {
			isa = XCBuildConfiguration;
			buildSettings = {
				ALWAYS_SEARCH_USER_PATHS = NO;
				CLANG_ANALYZER_NONNULL = YES;
				CLANG_ANALYZER_NUMBER_OBJECT_CONVERSION = YES_AGGRESSIVE;
				CLANG_CXX_LANGUAGE_STANDARD = "gnu++14";
				CLANG_CXX_LIBRARY = "libc++";
				CLANG_ENABLE_MODULES = YES;
				CLANG_ENABLE_OBJC_ARC = YES;
				CLANG_ENABLE_OBJC_WEAK = YES;
				CLANG_WARN_BLOCK_CAPTURE_AUTORELEASING = YES;
				CLANG_WARN_BOOL_CONVERSION = YES;
				CLANG_WARN_COMMA = YES;
				CLANG_WARN_CONSTANT_CONVERSION = YES;
				CLANG_WARN_DEPRECATED_OBJC_IMPLEMENTATIONS = YES;
				CLANG_WARN_DIRECT_OBJC_ISA_USAGE = YES_ERROR;
				CLANG_WARN_DOCUMENTATION_COMMENTS = YES;
				CLANG_WARN_EMPTY_BODY = YES;
				CLANG_WARN_ENUM_CONVERSION = YES;
				CLANG_WARN_INFINITE_RECURSION = YES;
				CLANG_WARN_INT_CONVERSION = YES;
				CLANG_WARN_NON_LITERAL_NULL_CONVERSION = YES;
				CLANG_WARN_OBJC_IMPLICIT_RETAIN_SELF = YES;
				CLANG_WARN_OBJC_LITERAL_CONVERSION = YES;
				CLANG_WARN_OBJC_ROOT_CLASS = YES_ERROR;
				CLANG_WARN_RANGE_LOOP_ANALYSIS = YES;
				CLANG_WARN_STRICT_PROTOTYPES = YES;
				CLANG_WARN_SUSPICIOUS_MOVE = YES;
				CLANG_WARN_UNGUARDED_AVAILABILITY = YES_AGGRESSIVE;
				CLANG_WARN_UNREACHABLE_CODE = YES;
				CLANG_WARN__DUPLICATE_METHOD_MATCH = YES;
				CODE_SIGN_IDENTITY = "iPhone Developer";
				COPY_PHASE_STRIP = NO;
				DEBUG_INFORMATION_FORMAT = dwarf;
				ENABLE_STRICT_OBJC_MSGSEND = YES;
				ENABLE_TESTABILITY = YES;
				GCC_C_LANGUAGE_STANDARD = gnu11;
				GCC_DYNAMIC_NO_PIC = NO;
				GCC_NO_COMMON_BLOCKS = YES;
				GCC_OPTIMIZATION_LEVEL = 0;
				GCC_PREPROCESSOR_DEFINITIONS = (
					"DEBUG=1",
					"$(inherited)",
				);
				GCC_WARN_64_TO_32_BIT_CONVERSION = YES;
				GCC_WARN_ABOUT_RETURN_TYPE = YES_ERROR;
				GCC_WARN_UNDECLARED_SELECTOR = YES;
				GCC_WARN_UNINITIALIZED_AUTOS = YES_AGGRESSIVE;
				GCC_WARN_UNUSED_FUNCTION = YES;
				GCC_WARN_UNUSED_VARIABLE = YES;
				IPHONEOS_DEPLOYMENT_TARGET = 12.1;
				MTL_ENABLE_DEBUG_INFO = INCLUDE_SOURCE;
				MTL_FAST_MATH = YES;
				ONLY_ACTIVE_ARCH = YES;
				SDKROOT = iphoneos;
				SWIFT_ACTIVE_COMPILATION_CONDITIONS = DEBUG;
				SWIFT_OPTIMIZATION_LEVEL = "-Onone";
			};
			name = Debug;
		};
		E70211D121C43D0000E56C6E /* Release */ = {
			isa = XCBuildConfiguration;
			buildSettings = {
				ALWAYS_SEARCH_USER_PATHS = NO;
				CLANG_ANALYZER_NONNULL = YES;
				CLANG_ANALYZER_NUMBER_OBJECT_CONVERSION = YES_AGGRESSIVE;
				CLANG_CXX_LANGUAGE_STANDARD = "gnu++14";
				CLANG_CXX_LIBRARY = "libc++";
				CLANG_ENABLE_MODULES = YES;
				CLANG_ENABLE_OBJC_ARC = YES;
				CLANG_ENABLE_OBJC_WEAK = YES;
				CLANG_WARN_BLOCK_CAPTURE_AUTORELEASING = YES;
				CLANG_WARN_BOOL_CONVERSION = YES;
				CLANG_WARN_COMMA = YES;
				CLANG_WARN_CONSTANT_CONVERSION = YES;
				CLANG_WARN_DEPRECATED_OBJC_IMPLEMENTATIONS = YES;
				CLANG_WARN_DIRECT_OBJC_ISA_USAGE = YES_ERROR;
				CLANG_WARN_DOCUMENTATION_COMMENTS = YES;
				CLANG_WARN_EMPTY_BODY = YES;
				CLANG_WARN_ENUM_CONVERSION = YES;
				CLANG_WARN_INFINITE_RECURSION = YES;
				CLANG_WARN_INT_CONVERSION = YES;
				CLANG_WARN_NON_LITERAL_NULL_CONVERSION = YES;
				CLANG_WARN_OBJC_IMPLICIT_RETAIN_SELF = YES;
				CLANG_WARN_OBJC_LITERAL_CONVERSION = YES;
				CLANG_WARN_OBJC_ROOT_CLASS = YES_ERROR;
				CLANG_WARN_RANGE_LOOP_ANALYSIS = YES;
				CLANG_WARN_STRICT_PROTOTYPES = YES;
				CLANG_WARN_SUSPICIOUS_MOVE = YES;
				CLANG_WARN_UNGUARDED_AVAILABILITY = YES_AGGRESSIVE;
				CLANG_WARN_UNREACHABLE_CODE = YES;
				CLANG_WARN__DUPLICATE_METHOD_MATCH = YES;
				CODE_SIGN_IDENTITY = "iPhone Developer";
				COPY_PHASE_STRIP = NO;
				DEBUG_INFORMATION_FORMAT = "dwarf-with-dsym";
				ENABLE_NS_ASSERTIONS = NO;
				ENABLE_STRICT_OBJC_MSGSEND = YES;
				GCC_C_LANGUAGE_STANDARD = gnu11;
				GCC_NO_COMMON_BLOCKS = YES;
				GCC_WARN_64_TO_32_BIT_CONVERSION = YES;
				GCC_WARN_ABOUT_RETURN_TYPE = YES_ERROR;
				GCC_WARN_UNDECLARED_SELECTOR = YES;
				GCC_WARN_UNINITIALIZED_AUTOS = YES_AGGRESSIVE;
				GCC_WARN_UNUSED_FUNCTION = YES;
				GCC_WARN_UNUSED_VARIABLE = YES;
				IPHONEOS_DEPLOYMENT_TARGET = 12.1;
				MTL_ENABLE_DEBUG_INFO = NO;
				MTL_FAST_MATH = YES;
				SDKROOT = iphoneos;
				SWIFT_COMPILATION_MODE = wholemodule;
				SWIFT_OPTIMIZATION_LEVEL = "-O";
				VALIDATE_PRODUCT = YES;
			};
			name = Release;
		};
		E70211D321C43D0000E56C6E /* Debug */ = {
			isa = XCBuildConfiguration;
			buildSettings = {
				ALWAYS_EMBED_SWIFT_STANDARD_LIBRARIES = YES;
				ASSETCATALOG_COMPILER_APPICON_NAME = AppIcon;
				CODE_SIGN_ENTITLEMENTS = CmonSiri/CmonSiri.entitlements;
				CODE_SIGN_STYLE = Automatic;
				DEVELOPMENT_TEAM = DJPFLH48H5;
				INFOPLIST_FILE = "$(SRCROOT)/CmonSiri/Resources/Info.plist";
				LD_RUNPATH_SEARCH_PATHS = (
					"$(inherited)",
					"@executable_path/Frameworks",
				);
				PRODUCT_BUNDLE_IDENTIFIER = com.derrickshowers.CmonSiri;
				PRODUCT_NAME = "$(TARGET_NAME)";
				SWIFT_VERSION = 4.2;
				TARGETED_DEVICE_FAMILY = "1,2";
			};
			name = Debug;
		};
		E70211D421C43D0000E56C6E /* Release */ = {
			isa = XCBuildConfiguration;
			buildSettings = {
				ALWAYS_EMBED_SWIFT_STANDARD_LIBRARIES = YES;
				ASSETCATALOG_COMPILER_APPICON_NAME = AppIcon;
				CODE_SIGN_ENTITLEMENTS = CmonSiri/CmonSiri.entitlements;
				CODE_SIGN_STYLE = Automatic;
				DEVELOPMENT_TEAM = DJPFLH48H5;
				INFOPLIST_FILE = "$(SRCROOT)/CmonSiri/Resources/Info.plist";
				LD_RUNPATH_SEARCH_PATHS = (
					"$(inherited)",
					"@executable_path/Frameworks",
				);
				PRODUCT_BUNDLE_IDENTIFIER = com.derrickshowers.CmonSiri;
				PRODUCT_NAME = "$(TARGET_NAME)";
				SWIFT_VERSION = 4.2;
				TARGETED_DEVICE_FAMILY = "1,2";
			};
			name = Release;
		};
		E70211D621C43D0000E56C6E /* Debug */ = {
			isa = XCBuildConfiguration;
			buildSettings = {
				ALWAYS_EMBED_SWIFT_STANDARD_LIBRARIES = YES;
				BUNDLE_LOADER = "$(TEST_HOST)";
				CODE_SIGN_STYLE = Automatic;
				DEVELOPMENT_TEAM = DJPFLH48H5;
				INFOPLIST_FILE = CmonSiriTests/Info.plist;
				LD_RUNPATH_SEARCH_PATHS = (
					"$(inherited)",
					"@executable_path/Frameworks",
					"@loader_path/Frameworks",
				);
				PRODUCT_BUNDLE_IDENTIFIER = com.derrickshowers.CmonSiriTests;
				PRODUCT_NAME = "$(TARGET_NAME)";
				SWIFT_VERSION = 4.2;
				TARGETED_DEVICE_FAMILY = "1,2";
				TEST_HOST = "$(BUILT_PRODUCTS_DIR)/CmonSiri.app/CmonSiri";
			};
			name = Debug;
		};
		E70211D721C43D0000E56C6E /* Release */ = {
			isa = XCBuildConfiguration;
			buildSettings = {
				ALWAYS_EMBED_SWIFT_STANDARD_LIBRARIES = YES;
				BUNDLE_LOADER = "$(TEST_HOST)";
				CODE_SIGN_STYLE = Automatic;
				DEVELOPMENT_TEAM = DJPFLH48H5;
				INFOPLIST_FILE = CmonSiriTests/Info.plist;
				LD_RUNPATH_SEARCH_PATHS = (
					"$(inherited)",
					"@executable_path/Frameworks",
					"@loader_path/Frameworks",
				);
				PRODUCT_BUNDLE_IDENTIFIER = com.derrickshowers.CmonSiriTests;
				PRODUCT_NAME = "$(TARGET_NAME)";
				SWIFT_VERSION = 4.2;
				TARGETED_DEVICE_FAMILY = "1,2";
				TEST_HOST = "$(BUILT_PRODUCTS_DIR)/CmonSiri.app/CmonSiri";
			};
			name = Release;
		};
		E70211D921C43D0000E56C6E /* Debug */ = {
			isa = XCBuildConfiguration;
			buildSettings = {
				ALWAYS_EMBED_SWIFT_STANDARD_LIBRARIES = YES;
				CODE_SIGN_STYLE = Automatic;
				DEVELOPMENT_TEAM = DJPFLH48H5;
				INFOPLIST_FILE = CmonSiriUITests/Info.plist;
				LD_RUNPATH_SEARCH_PATHS = (
					"$(inherited)",
					"@executable_path/Frameworks",
					"@loader_path/Frameworks",
				);
				PRODUCT_BUNDLE_IDENTIFIER = com.derrickshowers.CmonSiriUITests;
				PRODUCT_NAME = "$(TARGET_NAME)";
				SWIFT_VERSION = 4.2;
				TARGETED_DEVICE_FAMILY = "1,2";
				TEST_TARGET_NAME = CmonSiri;
			};
			name = Debug;
		};
		E70211DA21C43D0000E56C6E /* Release */ = {
			isa = XCBuildConfiguration;
			buildSettings = {
				ALWAYS_EMBED_SWIFT_STANDARD_LIBRARIES = YES;
				CODE_SIGN_STYLE = Automatic;
				DEVELOPMENT_TEAM = DJPFLH48H5;
				INFOPLIST_FILE = CmonSiriUITests/Info.plist;
				LD_RUNPATH_SEARCH_PATHS = (
					"$(inherited)",
					"@executable_path/Frameworks",
					"@loader_path/Frameworks",
				);
				PRODUCT_BUNDLE_IDENTIFIER = com.derrickshowers.CmonSiriUITests;
				PRODUCT_NAME = "$(TARGET_NAME)";
				SWIFT_VERSION = 4.2;
				TARGETED_DEVICE_FAMILY = "1,2";
				TEST_TARGET_NAME = CmonSiri;
			};
			name = Release;
		};
		E740948921C44BFE006B1351 /* Debug */ = {
			isa = XCBuildConfiguration;
			buildSettings = {
				CODE_SIGN_STYLE = Automatic;
				DEVELOPMENT_TEAM = DJPFLH48H5;
				INFOPLIST_FILE = CmonSiriIntentUI/Info.plist;
				LD_RUNPATH_SEARCH_PATHS = (
					"$(inherited)",
					"@executable_path/Frameworks",
					"@executable_path/../../Frameworks",
				);
				PRODUCT_BUNDLE_IDENTIFIER = com.derrickshowers.CmonSiri.CmonSiriIntentUI;
				PRODUCT_NAME = "$(TARGET_NAME)";
				SKIP_INSTALL = YES;
				SWIFT_VERSION = 4.2;
				TARGETED_DEVICE_FAMILY = "1,2";
			};
			name = Debug;
		};
		E740948A21C44BFE006B1351 /* Release */ = {
			isa = XCBuildConfiguration;
			buildSettings = {
				CODE_SIGN_STYLE = Automatic;
				DEVELOPMENT_TEAM = DJPFLH48H5;
				INFOPLIST_FILE = CmonSiriIntentUI/Info.plist;
				LD_RUNPATH_SEARCH_PATHS = (
					"$(inherited)",
					"@executable_path/Frameworks",
					"@executable_path/../../Frameworks",
				);
				PRODUCT_BUNDLE_IDENTIFIER = com.derrickshowers.CmonSiri.CmonSiriIntentUI;
				PRODUCT_NAME = "$(TARGET_NAME)";
				SKIP_INSTALL = YES;
				SWIFT_VERSION = 4.2;
				TARGETED_DEVICE_FAMILY = "1,2";
			};
			name = Release;
		};
		E740948C21C44BFE006B1351 /* Debug */ = {
			isa = XCBuildConfiguration;
			buildSettings = {
				CLANG_ENABLE_MODULES = YES;
				CODE_SIGN_STYLE = Automatic;
				DEVELOPMENT_TEAM = DJPFLH48H5;
				INFOPLIST_FILE = CmonSiriIntent/Info.plist;
				LD_RUNPATH_SEARCH_PATHS = (
					"$(inherited)",
					"@executable_path/Frameworks",
					"@executable_path/../../Frameworks",
				);
				PRODUCT_BUNDLE_IDENTIFIER = com.derrickshowers.CmonSiri.CmonSiriIntent;
				PRODUCT_NAME = "$(TARGET_NAME)";
				SKIP_INSTALL = YES;
				SWIFT_OPTIMIZATION_LEVEL = "-Onone";
				SWIFT_VERSION = 4.2;
				TARGETED_DEVICE_FAMILY = "1,2";
			};
			name = Debug;
		};
		E740948D21C44BFE006B1351 /* Release */ = {
			isa = XCBuildConfiguration;
			buildSettings = {
				CLANG_ENABLE_MODULES = YES;
				CODE_SIGN_STYLE = Automatic;
				DEVELOPMENT_TEAM = DJPFLH48H5;
				INFOPLIST_FILE = CmonSiriIntent/Info.plist;
				LD_RUNPATH_SEARCH_PATHS = (
					"$(inherited)",
					"@executable_path/Frameworks",
					"@executable_path/../../Frameworks",
				);
				PRODUCT_BUNDLE_IDENTIFIER = com.derrickshowers.CmonSiri.CmonSiriIntent;
				PRODUCT_NAME = "$(TARGET_NAME)";
				SKIP_INSTALL = YES;
				SWIFT_VERSION = 4.2;
				TARGETED_DEVICE_FAMILY = "1,2";
			};
			name = Release;
		};
/* End XCBuildConfiguration section */

/* Begin XCConfigurationList section */
		E70211A521C43CFD00E56C6E /* Build configuration list for PBXProject "CmonSiri" */ = {
			isa = XCConfigurationList;
			buildConfigurations = (
				E70211D021C43D0000E56C6E /* Debug */,
				E70211D121C43D0000E56C6E /* Release */,
			);
			defaultConfigurationIsVisible = 0;
			defaultConfigurationName = Release;
		};
		E70211D221C43D0000E56C6E /* Build configuration list for PBXNativeTarget "CmonSiri" */ = {
			isa = XCConfigurationList;
			buildConfigurations = (
				E70211D321C43D0000E56C6E /* Debug */,
				E70211D421C43D0000E56C6E /* Release */,
			);
			defaultConfigurationIsVisible = 0;
			defaultConfigurationName = Release;
		};
		E70211D521C43D0000E56C6E /* Build configuration list for PBXNativeTarget "CmonSiriTests" */ = {
			isa = XCConfigurationList;
			buildConfigurations = (
				E70211D621C43D0000E56C6E /* Debug */,
				E70211D721C43D0000E56C6E /* Release */,
			);
			defaultConfigurationIsVisible = 0;
			defaultConfigurationName = Release;
		};
		E70211D821C43D0000E56C6E /* Build configuration list for PBXNativeTarget "CmonSiriUITests" */ = {
			isa = XCConfigurationList;
			buildConfigurations = (
				E70211D921C43D0000E56C6E /* Debug */,
				E70211DA21C43D0000E56C6E /* Release */,
			);
			defaultConfigurationIsVisible = 0;
			defaultConfigurationName = Release;
		};
		E740948821C44BFE006B1351 /* Build configuration list for PBXNativeTarget "CmonSiriIntentUI" */ = {
			isa = XCConfigurationList;
			buildConfigurations = (
				E740948921C44BFE006B1351 /* Debug */,
				E740948A21C44BFE006B1351 /* Release */,
			);
			defaultConfigurationIsVisible = 0;
			defaultConfigurationName = Release;
		};
		E740948B21C44BFE006B1351 /* Build configuration list for PBXNativeTarget "CmonSiriIntent" */ = {
			isa = XCConfigurationList;
			buildConfigurations = (
				E740948C21C44BFE006B1351 /* Debug */,
				E740948D21C44BFE006B1351 /* Release */,
			);
			defaultConfigurationIsVisible = 0;
			defaultConfigurationName = Release;
		};
/* End XCConfigurationList section */
	};
	rootObject = E70211A221C43CFD00E56C6E /* Project object */;
}
